
Microsoft Visual Studio Solution File, Format Version 12.00
# Visual Studio Version 17
VisualStudioVersion = 17.9.34518.117
MinimumVisualStudioVersion = 10.0.40219.1
Project("{FAE04EC0-301F-11D3-BF4B-00C04F79EFBC}") = "AutoMapperDemo", "AutoMapperDemo\AutoMapperDemo.csproj", "{5E49CF25-8E80-410C-B20E-E994E32E5382}"
EndProject
Global
	GlobalSection(SolutionConfigurationPlatforms) = preSolution
		Debug|Any CPU = Debug|Any CPU
		Release|Any CPU = Release|Any CPU
	EndGlobalSection
	GlobalSection(ProjectConfigurationPlatforms) = postSolution
		{5E49CF25-8E80-410C-B20E-E994E32E5382}.Debug|Any CPU.ActiveCfg = Debug|Any CPU
		{5E49CF25-8E80-410C-B20E-E994E32E5382}.Debug|Any CPU.Build.0 = Debug|Any CPU
		{5E49CF25-8E80-410C-B20E-E994E32E5382}.Release|Any CPU.ActiveCfg = Release|Any CPU
		{5E49CF25-8E80-410C-B20E-E994E32E5382}.Release|Any CPU.Build.0 = Release|Any CPU
	EndGlobalSection
	GlobalSection(SolutionProperties) = preSolution
		HideSolutionNode = FALSE
	EndGlobalSection
	GlobalSection(ExtensibilityGlobals) = postSolution
		SolutionGuid = {46180C17-B05A-487D-962B-9088F619AE92}
	EndGlobalSection
EndGlobal
